
Microsoft Visual Studio Solution File, Format Version 12.00
# Visual Studio Version 16
VisualStudioVersion = 16.6.30114.105
MinimumVisualStudioVersion = 10.0.40219.1
Project("{FAE04EC0-301F-11D3-BF4B-00C04F79EFBC}") = "JobsAg", "JobsAg\JobsAg.csproj", "{7DAD1311-1D56-4B0D-9E45-566E87F5AD7B}"
EndProject
Project("{FAE04EC0-301F-11D3-BF4B-00C04F79EFBC}") = "JobsAg.Tests", "JobsAg.Tests\JobsAg.Tests.csproj", "{C8AB2C70-7D8E-4734-85F7-7D351D91EFAE}"
EndProject
Global
	GlobalSection(SolutionConfigurationPlatforms) = preSolution
		Debug|Any CPU = Debug|Any CPU
		Release|Any CPU = Release|Any CPU
	EndGlobalSection
	GlobalSection(ProjectConfigurationPlatforms) = postSolution
		{7DAD1311-1D56-4B0D-9E45-566E87F5AD7B}.Debug|Any CPU.ActiveCfg = Debug|Any CPU
		{7DAD1311-1D56-4B0D-9E45-566E87F5AD7B}.Debug|Any CPU.Build.0 = Debug|Any CPU
		{7DAD1311-1D56-4B0D-9E45-566E87F5AD7B}.Release|Any CPU.ActiveCfg = Release|Any CPU
		{7DAD1311-1D56-4B0D-9E45-566E87F5AD7B}.Release|Any CPU.Build.0 = Release|Any CPU
		{C8AB2C70-7D8E-4734-85F7-7D351D91EFAE}.Debug|Any CPU.ActiveCfg = Debug|Any CPU
		{C8AB2C70-7D8E-4734-85F7-7D351D91EFAE}.Debug|Any CPU.Build.0 = Debug|Any CPU
		{C8AB2C70-7D8E-4734-85F7-7D351D91EFAE}.Release|Any CPU.ActiveCfg = Release|Any CPU
		{C8AB2C70-7D8E-4734-85F7-7D351D91EFAE}.Release|Any CPU.Build.0 = Release|Any CPU
	EndGlobalSection
	GlobalSection(SolutionProperties) = preSolution
		HideSolutionNode = FALSE
	EndGlobalSection
	GlobalSection(ExtensibilityGlobals) = postSolution
		SolutionGuid = {202B9A5B-F15C-45B9-9833-AA94FB40ABCE}
	EndGlobalSection
EndGlobal
