
Microsoft Visual Studio Solution File, Format Version 12.00
Project("{FAE04EC0-301F-11D3-BF4B-00C04F79EFBC}") = "NoiseEngine.Threading", "NoiseEngine.Threading/NoiseEngine.Threading.csproj", "{DCB548E4-D1C5-4084-ACAF-E2F4057B6599}"
EndProject
Project("{FAE04EC0-301F-11D3-BF4B-00C04F79EFBC}") = "NoiseEngine.Threading.Tests", "NoiseEngine.Threading.Tests/NoiseEngine.Threading.Tests.csproj", "{5844CC98-58FC-4E14-BDBD-D06EEFCBEEF7}"
EndProject
Global
	GlobalSection(SolutionConfigurationPlatforms) = preSolution
		Debug|Any CPU = Debug|Any CPU
		Release|Any CPU = Release|Any CPU
	EndGlobalSection
	GlobalSection(ProjectConfigurationPlatforms) = postSolution
		{DCB548E4-D1C5-4084-ACAF-E2F4057B6599}.Debug|Any CPU.ActiveCfg = Debug|Any CPU
		{DCB548E4-D1C5-4084-ACAF-E2F4057B6599}.Debug|Any CPU.Build.0 = Debug|Any CPU
		{DCB548E4-D1C5-4084-ACAF-E2F4057B6599}.Release|Any CPU.ActiveCfg = Release|Any CPU
		{DCB548E4-D1C5-4084-ACAF-E2F4057B6599}.Release|Any CPU.Build.0 = Release|Any CPU
		{5844CC98-58FC-4E14-BDBD-D06EEFCBEEF7}.Debug|Any CPU.ActiveCfg = Debug|Any CPU
		{5844CC98-58FC-4E14-BDBD-D06EEFCBEEF7}.Debug|Any CPU.Build.0 = Debug|Any CPU
		{5844CC98-58FC-4E14-BDBD-D06EEFCBEEF7}.Release|Any CPU.ActiveCfg = Release|Any CPU
		{5844CC98-58FC-4E14-BDBD-D06EEFCBEEF7}.Release|Any CPU.Build.0 = Release|Any CPU
	EndGlobalSection
EndGlobal
