
Microsoft Visual Studio Solution File, Format Version 12.00
# Visual Studio Version 17
VisualStudioVersion = 17.0.31903.59
MinimumVisualStudioVersion = 10.0.40219.1
Project("{9A19103F-16F7-4668-BE54-9A1E7A4F7556}") = "NoiseEngine.Jobs", "NoiseEngine.Jobs\NoiseEngine.Jobs.csproj", "{7DAD1311-1D56-4B0D-9E45-566E87F5AD7B}"
EndProject
Project("{9A19103F-16F7-4668-BE54-9A1E7A4F7556}") = "NoiseEngine.Jobs.Tests", "NoiseEngine.Jobs.Tests\NoiseEngine.Jobs.Tests.csproj", "{C8AB2C70-7D8E-4734-85F7-7D351D91EFAE}"
EndProject
Global
	GlobalSection(SolutionConfigurationPlatforms) = preSolution
		Debug|Any CPU = Debug|Any CPU
		Release|Any CPU = Release|Any CPU
	EndGlobalSection
	GlobalSection(ProjectConfigurationPlatforms) = postSolution
		{7DAD1311-1D56-4B0D-9E45-566E87F5AD7B}.Debug|Any CPU.ActiveCfg = Debug|Any CPU
		{7DAD1311-1D56-4B0D-9E45-566E87F5AD7B}.Debug|Any CPU.Build.0 = Debug|Any CPU
		{7DAD1311-1D56-4B0D-9E45-566E87F5AD7B}.Release|Any CPU.ActiveCfg = Release|Any CPU
		{7DAD1311-1D56-4B0D-9E45-566E87F5AD7B}.Release|Any CPU.Build.0 = Release|Any CPU
		{C8AB2C70-7D8E-4734-85F7-7D351D91EFAE}.Debug|Any CPU.ActiveCfg = Debug|Any CPU
		{C8AB2C70-7D8E-4734-85F7-7D351D91EFAE}.Debug|Any CPU.Build.0 = Debug|Any CPU
		{C8AB2C70-7D8E-4734-85F7-7D351D91EFAE}.Release|Any CPU.ActiveCfg = Release|Any CPU
		{C8AB2C70-7D8E-4734-85F7-7D351D91EFAE}.Release|Any CPU.Build.0 = Release|Any CPU
	EndGlobalSection
	GlobalSection(SolutionProperties) = preSolution
		HideSolutionNode = FALSE
	EndGlobalSection
	GlobalSection(ExtensibilityGlobals) = postSolution
		SolutionGuid = {202B9A5B-F15C-45B9-9833-AA94FB40ABCE}
	EndGlobalSection
EndGlobal
